<?xml version="1.0" encoding="UTF-8"?><plist><dict><key>archiveVersion</key><string>1</string><key>classes</key><dict/><key>objectVersion</key><string>42</string><key>objects</key><dict><key>000000000000000000000000</key><dict><key>isa</key><string>PBXFileReference</string><key>name</key><string>IOBoard.cpp</string><key>path</key><string>../IOBoard.cpp</string><key>sourceTree</key><string>SOURCE_ROOT</string></dict><key>000000000000000000000001</key><dict><key>isa</key><string>PBXFileReference</string><key>name</key><string>chessengine.c</string><key>path</key><string>../u8glib_arm_v1.14/src/chessengine.c</string><key>sourceTree</key><string>SOURCE_ROOT</string></dict><key>000000000000000000000002</key><dict><key>isa</key><string>PBXFileReference</string><key>name</key><string>main.cpp</string><key>path</key><string>../main.cpp</string><key>sourceTree</key><string>SOURCE_ROOT</string></dict><key>000000000000000000000003</key><dict><key>isa</key><string>PBXFileReference</string><key>name</key><string>misc.c</string><key>path</key><string>../cmsis_lib/source/misc.c</string><key>sourceTree</key><string>SOURCE_ROOT</string></dict><key>000000000000000000000004</key><dict><key>isa</key><string>PBXFileReference</string><key>name</key><string>printf.c</string><key>path</key><string>../stdio/printf.c</string><key>sourceTree</key><string>SOURCE_ROOT</string></dict><key>000000000000000000000005</key><dict><key>isa</key><string>PBXFileReference</string><key>name</key><string>startup_stm32f4xx.c</string><key>path</key><string>../cmsis_boot/startup/startup_stm32f4xx.c</string><key>sourceTree</key><string>SOURCE_ROOT</string></dict><key>000000000000000000000006</key><dict><key>isa</key><string>PBXFileReference</string><key>name</key><string>stm32f4_discovery.c</string><key>path</key><string>../STM32F4-Discovery/stm32f4_discovery.c</string><key>sourceTree</key><string>SOURCE_ROOT</string></dict><key>000000000000000000000007</key><dict><key>isa</key><string>PBXFileReference</string><key>name</key><string>stm32f4_discovery_audio_codec.c</string><key>path</key><string>../STM32F4-Discovery/stm32f4_discovery_audio_codec.c</string><key>sourceTree</key><string>SOURCE_ROOT</string></dict><key>000000000000000000000008</key><dict><key>isa</key><string>PBXFileReference</string><key>name</key><string>stm32f4_discovery_callbacks.c</string><key>path</key><string>../stm32f4_discovery_callbacks.c</string><key>sourceTree</key><string>SOURCE_ROOT</string></dict><key>000000000000000000000009</key><dict><key>isa</key><string>PBXFileReference</string><key>name</key><string>stm32f4_discovery_lis302dl.c</string><key>path</key><string>../STM32F4-Discovery/stm32f4_discovery_lis302dl.c</string><key>sourceTree</key><string>SOURCE_ROOT</string></dict><key>00000000000000000000000a</key><dict><key>isa</key><string>PBXFileReference</string><key>name</key><string>stm32f4xx_adc.c</string><key>path</key><string>../cmsis_lib/source/stm32f4xx_adc.c</string><key>sourceTree</key><string>SOURCE_ROOT</string></dict><key>00000000000000000000000b</key><dict><key>isa</key><string>PBXFileReference</string><key>name</key><string>stm32f4xx_dac.c</string><key>path</key><string>../cmsis_lib/source/stm32f4xx_dac.c</string><key>sourceTree</key><string>SOURCE_ROOT</string></dict><key>00000000000000000000000c</key><dict><key>isa</key><string>PBXFileReference</string><key>name</key><string>stm32f4xx_dma.c</string><key>path</key><string>../cmsis_lib/source/stm32f4xx_dma.c</string><key>sourceTree</key><string>SOURCE_ROOT</string></dict><key>00000000000000000000000d</key><dict><key>isa</key><string>PBXFileReference</string><key>name</key><string>stm32f4xx_exti.c</string><key>path</key><string>../cmsis_lib/source/stm32f4xx_exti.c</string><key>sourceTree</key><string>SOURCE_ROOT</string></dict><key>00000000000000000000000e</key><dict><key>isa</key><string>PBXFileReference</string><key>name</key><string>stm32f4xx_gpio.c</string><key>path</key><string>../cmsis_lib/source/stm32f4xx_gpio.c</string><key>sourceTree</key><string>SOURCE_ROOT</string></dict><key>00000000000000000000000f</key><dict><key>isa</key><string>PBXFileReference</string><key>name</key><string>stm32f4xx_i2c.c</string><key>path</key><string>../cmsis_lib/source/stm32f4xx_i2c.c</string><key>sourceTree</key><string>SOURCE_ROOT</string></dict><key>000000000000000000000010</key><dict><key>isa</key><string>PBXFileReference</string><key>name</key><string>stm32f4xx_rcc.c</string><key>path</key><string>../cmsis_lib/source/stm32f4xx_rcc.c</string><key>sourceTree</key><string>SOURCE_ROOT</string></dict><key>000000000000000000000011</key><dict><key>isa</key><string>PBXFileReference</string><key>name</key><string>stm32f4xx_spi.c</string><key>path</key><string>../cmsis_lib/source/stm32f4xx_spi.c</string><key>sourceTree</key><string>SOURCE_ROOT</string></dict><key>000000000000000000000012</key><dict><key>isa</key><string>PBXFileReference</string><key>name</key><string>stm32f4xx_syscfg.c</string><key>path</key><string>../cmsis_lib/source/stm32f4xx_syscfg.c</string><key>sourceTree</key><string>SOURCE_ROOT</string></dict><key>000000000000000000000013</key><dict><key>isa</key><string>PBXFileReference</string><key>name</key><string>stm32f4xx_tim.c</string><key>path</key><string>../cmsis_lib/source/stm32f4xx_tim.c</string><key>sourceTree</key><string>SOURCE_ROOT</string></dict><key>000000000000000000000014</key><dict><key>isa</key><string>PBXFileReference</string><key>name</key><string>stm32f4xx_usart.c</string><key>path</key><string>../cmsis_lib/source/stm32f4xx_usart.c</string><key>sourceTree</key><string>SOURCE_ROOT</string></dict><key>000000000000000000000015</key><dict><key>isa</key><string>PBXFileReference</string><key>name</key><string>system_stm32f4xx.c</string><key>path</key><string>../cmsis_boot/system_stm32f4xx.c</string><key>sourceTree</key><string>SOURCE_ROOT</string></dict><key>000000000000000000000016</key><dict><key>isa</key><string>PBXFileReference</string><key>name</key><string>tm_stm32f4_fonts.c</string><key>path</key><string>../tm_stm32f4_fonts.c</string><key>sourceTree</key><string>SOURCE_ROOT</string></dict><key>000000000000000000000017</key><dict><key>isa</key><string>PBXFileReference</string><key>name</key><string>tm_stm32f4_ssd1306.c</string><key>path</key><string>../tm_stm32f4_ssd1306.c</string><key>sourceTree</key><string>SOURCE_ROOT</string></dict><key>000000000000000000000018</key><dict><key>isa</key><string>PBXFileReference</string><key>name</key><string>u8g_bitmap.c</string><key>path</key><string>../u8glib_arm_v1.14/src/u8g_bitmap.c</string><key>sourceTree</key><string>SOURCE_ROOT</string></dict><key>000000000000000000000019</key><dict><key>isa</key><string>PBXFileReference</string><key>name</key><string>u8g_circle.c</string><key>path</key><string>../u8glib_arm_v1.14/src/u8g_circle.c</string><key>sourceTree</key><string>SOURCE_ROOT</string></dict><key>00000000000000000000001a</key><dict><key>isa</key><string>PBXFileReference</string><key>name</key><string>u8g_clip.c</string><key>path</key><string>../u8glib_arm_v1.14/src/u8g_clip.c</string><key>sourceTree</key><string>SOURCE_ROOT</string></dict><key>00000000000000000000001b</key><dict><key>isa</key><string>PBXFileReference</string><key>name</key><string>u8g_com_api.c</string><key>path</key><string>../u8glib_arm_v1.14/src/u8g_com_api.c</string><key>sourceTree</key><string>SOURCE_ROOT</string></dict><key>00000000000000000000001c</key><dict><key>isa</key><string>PBXFileReference</string><key>name</key><string>u8g_com_api_16gr.c</string><key>path</key><string>../u8glib_arm_v1.14/src/u8g_com_api_16gr.c</string><key>sourceTree</key><string>SOURCE_ROOT</string></dict><key>00000000000000000000001d</key><dict><key>isa</key><string>PBXFileReference</string><key>name</key><string>u8g_com_arduino_attiny85_hw_spi.c</string><key>path</key><string>../u8glib_arm_v1.14/src/u8g_com_arduino_attiny85_hw_spi.c</string><key>sourceTree</key><string>SOURCE_ROOT</string></dict><key>00000000000000000000001e</key><dict><key>isa</key><string>PBXFileReference</string><key>name</key><string>u8g_com_arduino_common.c</string><key>path</key><string>../u8glib_arm_v1.14/src/u8g_com_arduino_common.c</string><key>sourceTree</key><string>SOURCE_ROOT</string></dict><key>00000000000000000000001f</key><dict><key>isa</key><string>PBXFileReference</string><key>name</key><string>u8g_com_arduino_fast_parallel.c</string><key>path</key><string>../u8glib_arm_v1.14/src/u8g_com_arduino_fast_parallel.c</string><key>sourceTree</key><string>SOURCE_ROOT</string></dict><key>000000000000000000000020</key><dict><key>isa</key><string>PBXFileReference</string><key>name</key><string>u8g_com_arduino_hw_spi.c</string><key>path</key><string>../u8glib_arm_v1.14/src/u8g_com_arduino_hw_spi.c</string><key>sourceTree</key><string>SOURCE_ROOT</string></dict><key>000000000000000000000021</key><dict><key>isa</key><string>PBXFileReference</string><key>name</key><string>u8g_com_arduino_hw_usart_spi.c</string><key>path</key><string>../u8glib_arm_v1.14/src/u8g_com_arduino_hw_usart_spi.c</string><key>sourceTree</key><string>SOURCE_ROOT</string></dict><key>000000000000000000000022</key><dict><key>isa</key><string>PBXFileReference</string><key>name</key><string>u8g_com_arduino_no_en_parallel.c</string><key>path</key><string>../u8glib_arm_v1.14/src/u8g_com_arduino_no_en_parallel.c</string><key>sourceTree</key><string>SOURCE_ROOT</string></dict><key>000000000000000000000023</key><dict><key>isa</key><string>PBXFileReference</string><key>name</key><string>u8g_com_arduino_parallel.c</string><key>path</key><string>../u8glib_arm_v1.14/src/u8g_com_arduino_parallel.c</string><key>sourceTree</key><string>SOURCE_ROOT</string></dict><key>000000000000000000000024</key><dict><key>isa</key><string>PBXFileReference</string><key>name</key><string>u8g_com_arduino_port_d_wr.c</string><key>path</key><string>../u8glib_arm_v1.14/src/u8g_com_arduino_port_d_wr.c</string><key>sourceTree</key><string>SOURCE_ROOT</string></dict><key>000000000000000000000025</key><dict><key>isa</key><string>PBXFileReference</string><key>name</key><string>u8g_com_arduino_ssd_i2c.c</string><key>path</key><string>../u8glib_arm_v1.14/src/u8g_com_arduino_ssd_i2c.c</string><key>sourceTree</key><string>SOURCE_ROOT</string></dict><key>000000000000000000000026</key><dict><key>isa</key><string>PBXFileReference</string><key>name</key><string>u8g_com_arduino_st7920_custom.c</string><key>path</key><string>../u8glib_arm_v1.14/src/u8g_com_arduino_st7920_custom.c</string><key>sourceTree</key><string>SOURCE_ROOT</string></dict><key>000000000000000000000027</key><dict><key>isa</key><string>PBXFileReference</string><key>name</key><string>u8g_com_arduino_st7920_hw_spi.c</string><key>path</key><string>../u8glib_arm_v1.14/src/u8g_com_arduino_st7920_hw_spi.c</string><key>sourceTree</key><string>SOURCE_ROOT</string></dict><key>000000000000000000000028</key><dict><key>isa</key><string>PBXFileReference</string><key>name</key><string>u8g_com_arduino_st7920_spi.c</string><key>path</key><string>../u8glib_arm_v1.14/src/u8g_com_arduino_st7920_spi.c</string><key>sourceTree</key><string>SOURCE_ROOT</string></dict><key>000000000000000000000029</key><dict><key>isa</key><string>PBXFileReference</string><key>name</key><string>u8g_com_arduino_std_sw_spi.c</string><key>path</key><string>../u8glib_arm_v1.14/src/u8g_com_arduino_std_sw_spi.c</string><key>sourceTree</key><string>SOURCE_ROOT</string></dict><key>00000000000000000000002a</key><dict><key>isa</key><string>PBXFileReference</string><key>name</key><string>u8g_com_arduino_sw_spi.c</string><key>path</key><string>../u8glib_arm_v1.14/src/u8g_com_arduino_sw_spi.c</string><key>sourceTree</key><string>SOURCE_ROOT</string></dict><key>00000000000000000000002b</key><dict><key>isa</key><string>PBXFileReference</string><key>name</key><string>u8g_com_arduino_t6963.c</string><key>path</key><string>../u8glib_arm_v1.14/src/u8g_com_arduino_t6963.c</string><key>sourceTree</key><string>SOURCE_ROOT</string></dict><key>00000000000000000000002c</key><dict><key>isa</key><string>PBXFileReference</string><key>name</key><string>u8g_com_atmega_hw_spi.c</string><key>path</key><string>../u8glib_arm_v1.14/src/u8g_com_atmega_hw_spi.c</string><key>sourceTree</key><string>SOURCE_ROOT</string></dict><key>00000000000000000000002d</key><dict><key>isa</key><string>PBXFileReference</string><key>name</key><string>u8g_com_atmega_parallel.c</string><key>path</key><string>../u8glib_arm_v1.14/src/u8g_com_atmega_parallel.c</string><key>sourceTree</key><string>SOURCE_ROOT</string></dict><key>00000000000000000000002e</key><dict><key>isa</key><string>PBXFileReference</string><key>name</key><string>u8g_com_atmega_st7920_hw_spi.c</string><key>path</key><string>../u8glib_arm_v1.14/src/u8g_com_atmega_st7920_hw_spi.c</string><key>sourceTree</key><string>SOURCE_ROOT</string></dict><key>00000000000000000000002f</key><dict><key>isa</key><string>PBXFileReference</string><key>name</key><string>u8g_com_atmega_st7920_spi.c</string><key>path</key><string>../u8glib_arm_v1.14/src/u8g_com_atmega_st7920_spi.c</string><key>sourceTree</key><string>SOURCE_ROOT</string></dict><key>000000000000000000000030</key><dict><key>isa</key><string>PBXFileReference</string><key>name</key><string>u8g_com_atmega_sw_spi.c</string><key>path</key><string>../u8glib_arm_v1.14/src/u8g_com_atmega_sw_spi.c</string><key>sourceTree</key><string>SOURCE_ROOT</string></dict><key>000000000000000000000031</key><dict><key>isa</key><string>PBXFileReference</string><key>name</key><string>u8g_com_i2c.c</string><key>path</key><string>../u8glib_arm_v1.14/src/u8g_com_i2c.c</string><key>sourceTree</key><string>SOURCE_ROOT</string></dict><key>000000000000000000000032</key><dict><key>isa</key><string>PBXFileReference</string><key>name</key><string>u8g_com_io.c</string><key>path</key><string>../u8glib_arm_v1.14/src/u8g_com_io.c</string><key>sourceTree</key><string>SOURCE_ROOT</string></dict><key>000000000000000000000033</key><dict><key>isa</key><string>PBXFileReference</string><key>name</key><string>u8g_com_null.c</string><key>path</key><string>../u8glib_arm_v1.14/src/u8g_com_null.c</string><key>sourceTree</key><string>SOURCE_ROOT</string></dict><key>000000000000000000000034</key><dict><key>isa</key><string>PBXFileReference</string><key>name</key><string>u8g_cursor.c</string><key>path</key><string>../u8glib_arm_v1.14/src/u8g_cursor.c</string><key>sourceTree</key><string>SOURCE_ROOT</string></dict><key>000000000000000000000035</key><dict><key>isa</key><string>PBXFileReference</string><key>name</key><string>u8g_delay.c</string><key>path</key><string>../u8glib_arm_v1.14/src/u8g_delay.c</string><key>sourceTree</key><string>SOURCE_ROOT</string></dict><key>000000000000000000000036</key><dict><key>isa</key><string>PBXFileReference</string><key>name</key><string>u8g_dev_a2_micro_printer.c</string><key>path</key><string>../u8glib_arm_v1.14/src/u8g_dev_a2_micro_printer.c</string><key>sourceTree</key><string>SOURCE_ROOT</string></dict><key>000000000000000000000037</key><dict><key>isa</key><string>PBXFileReference</string><key>name</key><string>u8g_dev_flipdisc_2x7.c</string><key>path</key><string>../u8glib_arm_v1.14/src/u8g_dev_flipdisc_2x7.c</string><key>sourceTree</key><string>SOURCE_ROOT</string></dict><key>000000000000000000000038</key><dict><key>isa</key><string>PBXFileReference</string><key>name</key><string>u8g_dev_gprof.c</string><key>path</key><string>../u8glib_arm_v1.14/src/u8g_dev_gprof.c</string><key>sourceTree</key><string>SOURCE_ROOT</string></dict><key>000000000000000000000039</key><dict><key>isa</key><string>PBXFileReference</string><key>name</key><string>u8g_dev_ht1632.c</string><key>path</key><string>../u8glib_arm_v1.14/src/u8g_dev_ht1632.c</string><key>sourceTree</key><string>SOURCE_ROOT</string></dict><key>00000000000000000000003a</key><dict><key>isa</key><string>PBXFileReference</string><key>name</key><string>u8g_dev_ili9325d_320x240.c</string><key>path</key><string>../u8glib_arm_v1.14/src/u8g_dev_ili9325d_320x240.c</string><key>sourceTree</key><string>SOURCE_ROOT</string></dict><key>00000000000000000000003b</key><dict><key>isa</key><string>PBXFileReference</string><key>name</key><string>u8g_dev_ks0108_128x64.c</string><key>path</key><string>../u8glib_arm_v1.14/src/u8g_dev_ks0108_128x64.c</string><key>sourceTree</key><string>SOURCE_ROOT</string></dict><key>00000000000000000000003c</key><dict><key>isa</key><string>PBXFileReference</string><key>name</key><string>u8g_dev_lc7981_160x80.c</string><key>path</key><string>../u8glib_arm_v1.14/src/u8g_dev_lc7981_160x80.c</string><key>sourceTree</key><string>SOURCE_ROOT</string></dict><key>00000000000000000000003d</key><dict><key>isa</key><string>PBXFileReference</string><key>name</key><string>u8g_dev_lc7981_240x128.c</string><key>path</key><string>../u8glib_arm_v1.14/src/u8g_dev_lc7981_240x128.c</string><key>sourceTree</key><string>SOURCE_ROOT</string></dict><key>00000000000000000000003e</key><dict><key>isa</key><string>PBXFileReference</string><key>name</key><string>u8g_dev_lc7981_240x64.c</string><key>path</key><string>../u8glib_arm_v1.14/src/u8g_dev_lc7981_240x64.c</string><key>sourceTree</key><string>SOURCE_ROOT</string></dict><key>00000000000000000000003f</key><dict><key>isa</key><string>PBXFileReference</string><key>name</key><string>u8g_dev_lc7981_320x64.c</string><key>path</key><string>../u8glib_arm_v1.14/src/u8g_dev_lc7981_320x64.c</string><key>sourceTree</key><string>SOURCE_ROOT</string></dict><key>000000000000000000000040</key><dict><key>isa</key><string>PBXFileReference</string><key>name</key><string>u8g_dev_null.c</string><key>path</key><string>../u8glib_arm_v1.14/src/u8g_dev_null.c</string><key>sourceTree</key><string>SOURCE_ROOT</string></dict><key>000000000000000000000041</key><dict><key>isa</key><string>PBXFileReference</string><key>name</key><string>u8g_dev_pcd8544_84x48.c</string><key>path</key><string>../u8glib_arm_v1.14/src/u8g_dev_pcd8544_84x48.c</string><key>sourceTree</key><string>SOURCE_ROOT</string></dict><key>000000000000000000000042</key><dict><key>isa</key><string>PBXFileReference</string><key>name</key><string>u8g_dev_pcf8812_96x65.c</string><key>path</key><string>../u8glib_arm_v1.14/src/u8g_dev_pcf8812_96x65.c</string><key>sourceTree</key><string>SOURCE_ROOT</string></dict><key>000000000000000000000043</key><dict><key>isa</key><string>PBXFileReference</string><key>name</key><string>u8g_dev_sbn1661_122x32.c</string><key>path</key><string>../u8glib_arm_v1.14/src/u8g_dev_sbn1661_122x32.c</string><key>sourceTree</key><string>SOURCE_ROOT</string></dict><key>000000000000000000000044</key><dict><key>isa</key><string>PBXFileReference</string><key>name</key><string>u8g_dev_ssd1306_128x32.c</string><key>path</key><string>../u8glib_arm_v1.14/src/u8g_dev_ssd1306_128x32.c</string><key>sourceTree</key><string>SOURCE_ROOT</string></dict><key>000000000000000000000045</key><dict><key>isa</key><string>PBXFileReference</string><key>name</key><string>u8g_dev_ssd1306_128x64.c</string><key>path</key><string>../u8glib_arm_v1.14/src/u8g_dev_ssd1306_128x64.c</string><key>sourceTree</key><string>SOURCE_ROOT</string></dict><key>000000000000000000000046</key><dict><key>isa</key><string>PBXFileReference</string><key>name</key><string>u8g_dev_ssd1309_128x64.c</string><key>path</key><string>../u8glib_arm_v1.14/src/u8g_dev_ssd1309_128x64.c</string><key>sourceTree</key><string>SOURCE_ROOT</string></dict><key>000000000000000000000047</key><dict><key>isa</key><string>PBXFileReference</string><key>name</key><string>u8g_dev_ssd1322_nhd31oled_bw.c</string><key>path</key><string>../u8glib_arm_v1.14/src/u8g_dev_ssd1322_nhd31oled_bw.c</string><key>sourceTree</key><string>SOURCE_ROOT</string></dict><key>000000000000000000000048</key><dict><key>isa</key><string>PBXFileReference</string><key>name</key><string>u8g_dev_ssd1322_nhd31oled_gr.c</string><key>path</key><string>../u8glib_arm_v1.14/src/u8g_dev_ssd1322_nhd31oled_gr.c</string><key>sourceTree</key><string>SOURCE_ROOT</string></dict><key>000000000000000000000049</key><dict><key>isa</key><string>PBXFileReference</string><key>name</key><string>u8g_dev_ssd1325_nhd27oled_bw.c</string><key>path</key><string>../u8glib_arm_v1.14/src/u8g_dev_ssd1325_nhd27oled_bw.c</string><key>sourceTree</key><string>SOURCE_ROOT</string></dict><key>00000000000000000000004a</key><dict><key>isa</key><string>PBXFileReference</string><key>name</key><string>u8g_dev_ssd1325_nhd27oled_bw_new.c</string><key>path</key><string>../u8glib_arm_v1.14/src/u8g_dev_ssd1325_nhd27oled_bw_new.c</string><key>sourceTree</key><string>SOURCE_ROOT</string></dict><key>00000000000000000000004b</key><dict><key>isa</key><string>PBXFileReference</string><key>name</key><string>u8g_dev_ssd1325_nhd27oled_gr.c</string><key>path</key><string>../u8glib_arm_v1.14/src/u8g_dev_ssd1325_nhd27oled_gr.c</string><key>sourceTree</key><string>SOURCE_ROOT</string></dict><key>00000000000000000000004c</key><dict><key>isa</key><string>PBXFileReference</string><key>name</key><string>u8g_dev_ssd1325_nhd27oled_gr_new.c</string><key>path</key><string>../u8glib_arm_v1.14/src/u8g_dev_ssd1325_nhd27oled_gr_new.c</string><key>sourceTree</key><string>SOURCE_ROOT</string></dict><key>00000000000000000000004d</key><dict><key>isa</key><string>PBXFileReference</string><key>name</key><string>u8g_dev_ssd1327_96x96_gr.c</string><key>path</key><string>../u8glib_arm_v1.14/src/u8g_dev_ssd1327_96x96_gr.c</string><key>sourceTree</key><string>SOURCE_ROOT</string></dict><key>00000000000000000000004e</key><dict><key>isa</key><string>PBXFileReference</string><key>name</key><string>u8g_dev_ssd1351_128x128.c</string><key>path</key><string>../u8glib_arm_v1.14/src/u8g_dev_ssd1351_128x128.c</string><key>sourceTree</key><string>SOURCE_ROOT</string></dict><key>00000000000000000000004f</key><dict><key>isa</key><string>PBXFileReference</string><key>name</key><string>u8g_dev_st7565_64128n.c</string><key>path</key><string>../u8glib_arm_v1.14/src/u8g_dev_st7565_64128n.c</string><key>sourceTree</key><string>SOURCE_ROOT</string></dict><key>000000000000000000000050</key><dict><key>isa</key><string>PBXFileReference</string><key>name</key><string>u8g_dev_st7565_dogm128.c</string><key>path</key><string>../u8glib_arm_v1.14/src/u8g_dev_st7565_dogm128.c</string><key>sourceTree</key><string>SOURCE_ROOT</string></dict><key>000000000000000000000051</key><dict><key>isa</key><string>PBXFileReference</string><key>name</key><string>u8g_dev_st7565_dogm132.c</string><key>path</key><string>../u8glib_arm_v1.14/src/u8g_dev_st7565_dogm132.c</string><key>sourceTree</key><string>SOURCE_ROOT</string></dict><key>000000000000000000000052</key><dict><key>isa</key><string>PBXFileReference</string><key>name</key><string>u8g_dev_st7565_lm6059.c</string><key>path</key><string>../u8glib_arm_v1.14/src/u8g_dev_st7565_lm6059.c</string><key>sourceTree</key><string>SOURCE_ROOT</string></dict><key>000000000000000000000053</key><dict><key>isa</key><string>PBXFileReference</string><key>name</key><string>u8g_dev_st7565_lm6063.c</string><key>path</key><string>../u8glib_arm_v1.14/src/u8g_dev_st7565_lm6063.c</string><key>sourceTree</key><string>SOURCE_ROOT</string></dict><key>000000000000000000000054</key><dict><key>isa</key><string>PBXFileReference</string><key>name</key><string>u8g_dev_st7565_nhd_c12832.c</string><key>path</key><string>../u8glib_arm_v1.14/src/u8g_dev_st7565_nhd_c12832.c</string><key>sourceTree</key><string>SOURCE_ROOT</string></dict><key>000000000000000000000055</key><dict><key>isa</key><string>PBXFileReference</string><key>name</key><string>u8g_dev_st7565_nhd_c12864.c</string><key>path</key><string>../u8glib_arm_v1.14/src/u8g_dev_st7565_nhd_c12864.c</string><key>sourceTree</key><string>SOURCE_ROOT</string></dict><key>000000000000000000000056</key><dict><key>isa</key><string>PBXFileReference</string><key>name</key><string>u8g_dev_st7687_c144mvgd.c</string><key>path</key><string>../u8glib_arm_v1.14/src/u8g_dev_st7687_c144mvgd.c</string><key>sourceTree</key><string>SOURCE_ROOT</string></dict><key>000000000000000000000057</key><dict><key>isa</key><string>PBXFileReference</string><key>name</key><string>u8g_dev_st7920_128x64.c</string><key>path</key><string>../u8glib_arm_v1.14/src/u8g_dev_st7920_128x64.c</string><key>sourceTree</key><string>SOURCE_ROOT</string></dict><key>000000000000000000000058</key><dict><key>isa</key><string>PBXFileReference</string><key>name</key><string>u8g_dev_st7920_192x32.c</string><key>path</key><string>../u8glib_arm_v1.14/src/u8g_dev_st7920_192x32.c</string><key>sourceTree</key><string>SOURCE_ROOT</string></dict><key>000000000000000000000059</key><dict><key>isa</key><string>PBXFileReference</string><key>name</key><string>u8g_dev_st7920_202x32.c</string><key>path</key><string>../u8glib_arm_v1.14/src/u8g_dev_st7920_202x32.c</string><key>sourceTree</key><string>SOURCE_ROOT</string></dict><key>00000000000000000000005a</key><dict><key>isa</key><string>PBXFileReference</string><key>name</key><string>u8g_dev_t6963_128x64.c</string><key>path</key><string>../u8glib_arm_v1.14/src/u8g_dev_t6963_128x64.c</string><key>sourceTree</key><string>SOURCE_ROOT</string></dict><key>00000000000000000000005b</key><dict><key>isa</key><string>PBXFileReference</string><key>name</key><string>u8g_dev_t6963_240x128.c</string><key>path</key><string>../u8glib_arm_v1.14/src/u8g_dev_t6963_240x128.c</string><key>sourceTree</key><string>SOURCE_ROOT</string></dict><key>00000000000000000000005c</key><dict><key>isa</key><string>PBXFileReference</string><key>name</key><string>u8g_dev_t6963_240x64.c</string><key>path</key><string>../u8glib_arm_v1.14/src/u8g_dev_t6963_240x64.c</string><key>sourceTree</key><string>SOURCE_ROOT</string></dict><key>00000000000000000000005d</key><dict><key>isa</key><string>PBXFileReference</string><key>name</key><string>u8g_dev_tls8204_84x48.c</string><key>path</key><string>../u8glib_arm_v1.14/src/u8g_dev_tls8204_84x48.c</string><key>sourceTree</key><string>SOURCE_ROOT</string></dict><key>00000000000000000000005e</key><dict><key>isa</key><string>PBXFileReference</string><key>name</key><string>u8g_dev_uc1601_c128032.c</string><key>path</key><string>../u8glib_arm_v1.14/src/u8g_dev_uc1601_c128032.c</string><key>sourceTree</key><string>SOURCE_ROOT</string></dict><key>00000000000000000000005f</key><dict><key>isa</key><string>PBXFileReference</string><key>name</key><string>u8g_dev_uc1610_dogxl160.c</string><key>path</key><string>../u8glib_arm_v1.14/src/u8g_dev_uc1610_dogxl160.c</string><key>sourceTree</key><string>SOURCE_ROOT</string></dict><key>000000000000000000000060</key><dict><key>isa</key><string>PBXFileReference</string><key>name</key><string>u8g_dev_uc1701_dogs102.c</string><key>path</key><string>../u8glib_arm_v1.14/src/u8g_dev_uc1701_dogs102.c</string><key>sourceTree</key><string>SOURCE_ROOT</string></dict><key>000000000000000000000061</key><dict><key>isa</key><string>PBXFileReference</string><key>name</key><string>u8g_dev_uc1701_mini12864.c</string><key>path</key><string>../u8glib_arm_v1.14/src/u8g_dev_uc1701_mini12864.c</string><key>sourceTree</key><string>SOURCE_ROOT</string></dict><key>000000000000000000000062</key><dict><key>isa</key><string>PBXFileReference</string><key>name</key><string>u8g_ellipse.c</string><key>path</key><string>../u8glib_arm_v1.14/src/u8g_ellipse.c</string><key>sourceTree</key><string>SOURCE_ROOT</string></dict><key>000000000000000000000063</key><dict><key>isa</key><string>PBXFileReference</string><key>name</key><string>u8g_font.c</string><key>path</key><string>../u8glib_arm_v1.14/src/u8g_font.c</string><key>sourceTree</key><string>SOURCE_ROOT</string></dict><key>000000000000000000000064</key><dict><key>isa</key><string>PBXFileReference</string><key>name</key><string>u8g_font_data.c</string><key>path</key><string>../u8glib_arm_v1.14/src/u8g_font_data.c</string><key>sourceTree</key><string>SOURCE_ROOT</string></dict><key>000000000000000000000065</key><dict><key>isa</key><string>PBXFileReference</string><key>name</key><string>u8g_line.c</string><key>path</key><string>../u8glib_arm_v1.14/src/u8g_line.c</string><key>sourceTree</key><string>SOURCE_ROOT</string></dict><key>000000000000000000000066</key><dict><key>isa</key><string>PBXFileReference</string><key>name</key><string>u8g_ll_api.c</string><key>path</key><string>../u8glib_arm_v1.14/src/u8g_ll_api.c</string><key>sourceTree</key><string>SOURCE_ROOT</string></dict><key>000000000000000000000067</key><dict><key>isa</key><string>PBXFileReference</string><key>name</key><string>u8g_page.c</string><key>path</key><string>../u8glib_arm_v1.14/src/u8g_page.c</string><key>sourceTree</key><string>SOURCE_ROOT</string></dict><key>000000000000000000000068</key><dict><key>isa</key><string>PBXFileReference</string><key>name</key><string>u8g_pb.c</string><key>path</key><string>../u8glib_arm_v1.14/src/u8g_pb.c</string><key>sourceTree</key><string>SOURCE_ROOT</string></dict><key>000000000000000000000069</key><dict><key>isa</key><string>PBXFileReference</string><key>name</key><string>u8g_pb14v1.c</string><key>path</key><string>../u8glib_arm_v1.14/src/u8g_pb14v1.c</string><key>sourceTree</key><string>SOURCE_ROOT</string></dict><key>00000000000000000000006a</key><dict><key>isa</key><string>PBXFileReference</string><key>name</key><string>u8g_pb16h1.c</string><key>path</key><string>../u8glib_arm_v1.14/src/u8g_pb16h1.c</string><key>sourceTree</key><string>SOURCE_ROOT</string></dict><key>00000000000000000000006b</key><dict><key>isa</key><string>PBXFileReference</string><key>name</key><string>u8g_pb16h2.c</string><key>path</key><string>../u8glib_arm_v1.14/src/u8g_pb16h2.c</string><key>sourceTree</key><string>SOURCE_ROOT</string></dict><key>00000000000000000000006c</key><dict><key>isa</key><string>PBXFileReference</string><key>name</key><string>u8g_pb16v1.c</string><key>path</key><string>../u8glib_arm_v1.14/src/u8g_pb16v1.c</string><key>sourceTree</key><string>SOURCE_ROOT</string></dict><key>00000000000000000000006d</key><dict><key>isa</key><string>PBXFileReference</string><key>name</key><string>u8g_pb16v2.c</string><key>path</key><string>../u8glib_arm_v1.14/src/u8g_pb16v2.c</string><key>sourceTree</key><string>SOURCE_ROOT</string></dict><key>00000000000000000000006e</key><dict><key>isa</key><string>PBXFileReference</string><key>name</key><string>u8g_pb32h1.c</string><key>path</key><string>../u8glib_arm_v1.14/src/u8g_pb32h1.c</string><key>sourceTree</key><string>SOURCE_ROOT</string></dict><key>00000000000000000000006f</key><dict><key>isa</key><string>PBXFileReference</string><key>name</key><string>u8g_pb8h1.c</string><key>path</key><string>../u8glib_arm_v1.14/src/u8g_pb8h1.c</string><key>sourceTree</key><string>SOURCE_ROOT</string></dict><key>000000000000000000000070</key><dict><key>isa</key><string>PBXFileReference</string><key>name</key><string>u8g_pb8h1f.c</string><key>path</key><string>../u8glib_arm_v1.14/src/u8g_pb8h1f.c</string><key>sourceTree</key><string>SOURCE_ROOT</string></dict><key>000000000000000000000071</key><dict><key>isa</key><string>PBXFileReference</string><key>name</key><string>u8g_pb8h2.c</string><key>path</key><string>../u8glib_arm_v1.14/src/u8g_pb8h2.c</string><key>sourceTree</key><string>SOURCE_ROOT</string></dict><key>000000000000000000000072</key><dict><key>isa</key><string>PBXFileReference</string><key>name</key><string>u8g_pb8h8.c</string><key>path</key><string>../u8glib_arm_v1.14/src/u8g_pb8h8.c</string><key>sourceTree</key><string>SOURCE_ROOT</string></dict><key>000000000000000000000073</key><dict><key>isa</key><string>PBXFileReference</string><key>name</key><string>u8g_pb8v1.c</string><key>path</key><string>../u8glib_arm_v1.14/src/u8g_pb8v1.c</string><key>sourceTree</key><string>SOURCE_ROOT</string></dict><key>000000000000000000000074</key><dict><key>isa</key><string>PBXFileReference</string><key>name</key><string>u8g_pb8v2.c</string><key>path</key><string>../u8glib_arm_v1.14/src/u8g_pb8v2.c</string><key>sourceTree</key><string>SOURCE_ROOT</string></dict><key>000000000000000000000075</key><dict><key>isa</key><string>PBXFileReference</string><key>name</key><string>u8g_pbxh16.c</string><key>path</key><string>../u8glib_arm_v1.14/src/u8g_pbxh16.c</string><key>sourceTree</key><string>SOURCE_ROOT</string></dict><key>000000000000000000000076</key><dict><key>isa</key><string>PBXFileReference</string><key>name</key><string>u8g_pbxh24.c</string><key>path</key><string>../u8glib_arm_v1.14/src/u8g_pbxh24.c</string><key>sourceTree</key><string>SOURCE_ROOT</string></dict><key>000000000000000000000077</key><dict><key>isa</key><string>PBXFileReference</string><key>name</key><string>u8g_rect.c</string><key>path</key><string>../u8glib_arm_v1.14/src/u8g_rect.c</string><key>sourceTree</key><string>SOURCE_ROOT</string></dict><key>000000000000000000000078</key><dict><key>isa</key><string>PBXFileReference</string><key>name</key><string>u8g_rot.c</string><key>path</key><string>../u8glib_arm_v1.14/src/u8g_rot.c</string><key>sourceTree</key><string>SOURCE_ROOT</string></dict><key>000000000000000000000079</key><dict><key>isa</key><string>PBXFileReference</string><key>name</key><string>u8g_scale.c</string><key>path</key><string>../u8glib_arm_v1.14/src/u8g_scale.c</string><key>sourceTree</key><string>SOURCE_ROOT</string></dict><key>00000000000000000000007a</key><dict><key>isa</key><string>PBXFileReference</string><key>name</key><string>u8g_state.c</string><key>path</key><string>../u8glib_arm_v1.14/src/u8g_state.c</string><key>sourceTree</key><string>SOURCE_ROOT</string></dict><key>00000000000000000000007b</key><dict><key>isa</key><string>PBXFileReference</string><key>name</key><string>u8g_u16toa.c</string><key>path</key><string>../u8glib_arm_v1.14/src/u8g_u16toa.c</string><key>sourceTree</key><string>SOURCE_ROOT</string></dict><key>00000000000000000000007c</key><dict><key>isa</key><string>PBXFileReference</string><key>name</key><string>u8g_u8toa.c</string><key>path</key><string>../u8glib_arm_v1.14/src/u8g_u8toa.c</string><key>sourceTree</key><string>SOURCE_ROOT</string></dict><key>00000000000000000000007d</key><dict><key>isa</key><string>PBXFileReference</string><key>name</key><string>u8g_virtual_screen.c</string><key>path</key><string>../u8glib_arm_v1.14/src/u8g_virtual_screen.c</string><key>sourceTree</key><string>SOURCE_ROOT</string></dict><key>00000000000000000000007e</key><dict><key>isa</key><string>PBXFileReference</string><key>name</key><string>usb_bsp.c</string><key>path</key><string>../usb_conf/usb_bsp.c</string><key>sourceTree</key><string>SOURCE_ROOT</string></dict><key>00000000000000000000007f</key><dict><key>isa</key><string>PBXFileReference</string><key>name</key><string>usb_core.c</string><key>path</key><string>../usb_lib/otg/usb_core.c</string><key>sourceTree</key><string>SOURCE_ROOT</string></dict><key>000000000000000000000080</key><dict><key>isa</key><string>PBXFileReference</string><key>name</key><string>usb_dcd.c</string><key>path</key><string>../usb_lib/otg/usb_dcd.c</string><key>sourceTree</key><string>SOURCE_ROOT</string></dict><key>000000000000000000000081</key><dict><key>isa</key><string>PBXFileReference</string><key>name</key><string>usb_dcd_int.c</string><key>path</key><string>../usb_lib/otg/usb_dcd_int.c</string><key>sourceTree</key><string>SOURCE_ROOT</string></dict><key>000000000000000000000082</key><dict><key>isa</key><string>PBXFileReference</string><key>name</key><string>usbd_cdc_core.c</string><key>path</key><string>../usb_lib/cdc/usbd_cdc_core.c</string><key>sourceTree</key><string>SOURCE_ROOT</string></dict><key>000000000000000000000083</key><dict><key>isa</key><string>PBXFileReference</string><key>name</key><string>usbd_cdc_vcp.c</string><key>path</key><string>../usb_lib/cdc/usbd_cdc_vcp.c</string><key>sourceTree</key><string>SOURCE_ROOT</string></dict><key>000000000000000000000084</key><dict><key>isa</key><string>PBXFileReference</string><key>name</key><string>usbd_core.c</string><key>path</key><string>../usb_lib/core/usbd_core.c</string><key>sourceTree</key><string>SOURCE_ROOT</string></dict><key>000000000000000000000085</key><dict><key>isa</key><string>PBXFileReference</string><key>name</key><string>usbd_desc.c</string><key>path</key><string>../usb_conf/usbd_desc.c</string><key>sourceTree</key><string>SOURCE_ROOT</string></dict><key>000000000000000000000086</key><dict><key>isa</key><string>PBXFileReference</string><key>name</key><string>usbd_ioreq.c</string><key>path</key><string>../usb_lib/core/usbd_ioreq.c</string><key>sourceTree</key><string>SOURCE_ROOT</string></dict><key>000000000000000000000087</key><dict><key>isa</key><string>PBXFileReference</string><key>name</key><string>usbd_req.c</string><key>path</key><string>../usb_lib/core/usbd_req.c</string><key>sourceTree</key><string>SOURCE_ROOT</string></dict><key>000000000000000000000088</key><dict><key>isa</key><string>PBXFileReference</string><key>name</key><string>usbd_usr.c</string><key>path</key><string>../usb_conf/usbd_usr.c</string><key>sourceTree</key><string>SOURCE_ROOT</string></dict><key>000000000000000000000089</key><dict><key>children</key><array><string>000000000000000000000000</string><string>000000000000000000000001</string><string>000000000000000000000002</string><string>000000000000000000000003</string><string>000000000000000000000004</string><string>000000000000000000000005</string><string>000000000000000000000006</string><string>000000000000000000000007</string><string>000000000000000000000008</string><string>000000000000000000000009</string><string>00000000000000000000000a</string><string>00000000000000000000000b</string><string>00000000000000000000000c</string><string>00000000000000000000000d</string><string>00000000000000000000000e</string><string>00000000000000000000000f</string><string>000000000000000000000010</string><string>000000000000000000000011</string><string>000000000000000000000012</string><string>000000000000000000000013</string><string>000000000000000000000014</string><string>000000000000000000000015</string><string>000000000000000000000016</string><string>000000000000000000000017</string><string>000000000000000000000018</string><string>000000000000000000000019</string><string>00000000000000000000001a</string><string>00000000000000000000001b</string><string>00000000000000000000001c</string><string>00000000000000000000001d</string><string>00000000000000000000001e</string><string>00000000000000000000001f</string><string>000000000000000000000020</string><string>000000000000000000000021</string><string>000000000000000000000022</string><string>000000000000000000000023</string><string>000000000000000000000024</string><string>000000000000000000000025</string><string>000000000000000000000026</string><string>000000000000000000000027</string><string>000000000000000000000028</string><string>000000000000000000000029</string><string>00000000000000000000002a</string><string>00000000000000000000002b</string><string>00000000000000000000002c</string><string>00000000000000000000002d</string><string>00000000000000000000002e</string><string>00000000000000000000002f</string><string>000000000000000000000030</string><string>000000000000000000000031</string><string>000000000000000000000032</string><string>000000000000000000000033</string><string>000000000000000000000034</string><string>000000000000000000000035</string><string>000000000000000000000036</string><string>000000000000000000000037</string><string>000000000000000000000038</string><string>000000000000000000000039</string><string>00000000000000000000003a</string><string>00000000000000000000003b</string><string>00000000000000000000003c</string><string>00000000000000000000003d</string><string>00000000000000000000003e</string><string>00000000000000000000003f</string><string>000000000000000000000040</string><string>000000000000000000000041</string><string>000000000000000000000042</string><string>000000000000000000000043</string><string>000000000000000000000044</string><string>000000000000000000000045</string><string>000000000000000000000046</string><string>000000000000000000000047</string><string>000000000000000000000048</string><string>000000000000000000000049</string><string>00000000000000000000004a</string><string>00000000000000000000004b</string><string>00000000000000000000004c</string><string>00000000000000000000004d</string><string>00000000000000000000004e</string><string>00000000000000000000004f</string><string>000000000000000000000050</string><string>000000000000000000000051</string><string>000000000000000000000052</string><string>000000000000000000000053</string><string>000000000000000000000054</string><string>000000000000000000000055</string><string>000000000000000000000056</string><string>000000000000000000000057</string><string>000000000000000000000058</string><string>000000000000000000000059</string><string>00000000000000000000005a</string><string>00000000000000000000005b</string><string>00000000000000000000005c</string><string>00000000000000000000005d</string><string>00000000000000000000005e</string><string>00000000000000000000005f</string><string>000000000000000000000060</string><string>000000000000000000000061</string><string>000000000000000000000062</string><string>000000000000000000000063</string><string>000000000000000000000064</string><string>000000000000000000000065</string><string>000000000000000000000066</string><string>000000000000000000000067</string><string>000000000000000000000068</string><string>000000000000000000000069</string><string>00000000000000000000006a</string><string>00000000000000000000006b</string><string>00000000000000000000006c</string><string>00000000000000000000006d</string><string>00000000000000000000006e</string><string>00000000000000000000006f</string><string>000000000000000000000070</string><string>000000000000000000000071</string><string>000000000000000000000072</string><string>000000000000000000000073</string><string>000000000000000000000074</string><string>000000000000000000000075</string><string>000000000000000000000076</string><string>000000000000000000000077</string><string>000000000000000000000078</string><string>000000000000000000000079</string><string>00000000000000000000007a</string><string>00000000000000000000007b</string><string>00000000000000000000007c</string><string>00000000000000000000007d</string><string>00000000000000000000007e</string><string>00000000000000000000007f</string><string>000000000000000000000080</string><string>000000000000000000000081</string><string>000000000000000000000082</string><string>000000000000000000000083</string><string>000000000000000000000084</string><string>000000000000000000000085</string><string>000000000000000000000086</string><string>000000000000000000000087</string><string>000000000000000000000088</string></array><key>isa</key><string>PBXGroup</string><key>name</key><string>Source</string><key>sourceTree</key><string>&lt;source&gt;</string></dict><key>00000000000000000000008a</key><dict><key>explicitFileType</key><string>compiled.mach-o.executable</string><key>includeInIndex</key><string>0</string><key>isa</key><string>PBXFileReference</string><key>name</key><string>build.elf</string><key>path</key><string>../../../STM32_Build/Debug/bin/build.elf</string><key>sourceTree</key><string>BUILD_PRODUCTS_DIR</string></dict><key>00000000000000000000008b</key><dict><key>children</key><array><string>00000000000000000000008a</string></array><key>isa</key><string>PBXGroup</string><key>name</key><string>Products</string><key>sourceTree</key><string>&lt;source&gt;</string></dict><key>00000000000000000000008c</key><dict><key>children</key><array/><key>isa</key><string>PBXGroup</string><key>name</key><string>Documentation</string><key>sourceTree</key><string>&lt;source&gt;</string></dict><key>00000000000000000000008d</key><dict><key>children</key><array><string>000000000000000000000089</string><string>00000000000000000000008c</string><string>00000000000000000000008b</string></array><key>isa</key><string>PBXGroup</string><key>name</key><string>build.elf</string><key>sourceTree</key><string>&lt;source&gt;</string></dict><key>00000000000000000000008e</key><dict><key>buildSettings</key><dict><key>GCC_PREPROCESSOR_DEFINITIONS</key><array><string>__ASSEMBLY__</string><string>USE_STDPERIPH_DRIVER</string><string>STM32F405RG</string><string>STM32F4XX</string><string>__FPU_USED</string><string>USE_VCP</string><string>HSE_VALUE = 8000000</string><string>PLL_M = 8</string><string>$(inherited)</string></array><key>GCC_WARN_ABOUT_RETURN_TYPE</key><string>YES</string><key>GCC_WARN_UNUSED_VARIABLE</key><string>YES</string><key>HEADER_SEARCH_PATHS</key><array><string>../../..</string><string>../usb_lib</string><string>../cmsis</string><string>../usb_conf</string><string>../cmsis_boot</string><string>../usb_lib/otg</string><string>../cmsis_lib/include</string><string>../cmsis_lib</string><string>../..</string><string>../STM32F4-Discovery</string><string>../usb_lib/core</string><string>../u8glib_arm_v1.14/src</string><string>../u8glib_arm_v1.14</string><string>..</string><string>../usb_lib/cdc</string><string>${inherited)</string></array><key>LIBRARY_SEARCH_PATHS</key><array><string>C:/STM32F4-Discovery</string><string>C:/</string></array><key>OTHER_LDFLAGS</key><array><string>-lpdmfilter_gcc</string><string>-lm</string><string>-lgcc</string><string>-lsupc++</string><string>-lstdc++</string><string>-lc</string><string>-lnosys</string></array><key>PREBINDING</key><string>NO</string><key>SDKROOT</key><string>/Developer/SDKs/MacOSX10.4u.sdk</string></dict><key>isa</key><string>XCBuildConfiguration</string><key>name</key><string>Debug</string></dict><key>00000000000000000000008f</key><dict><key>buildSettings</key><dict><key>GCC_PREPROCESSOR_DEFINITIONS</key><array><string>__ASSEMBLY__</string><string>USE_STDPERIPH_DRIVER</string><string>STM32F405RG</string><string>STM32F4XX</string><string>__FPU_USED</string><string>USE_VCP</string><string>HSE_VALUE = 8000000</string><string>PLL_M = 8</string><string>$(inherited)</string></array><key>GCC_WARN_ABOUT_RETURN_TYPE</key><string>YES</string><key>GCC_WARN_UNUSED_VARIABLE</key><string>YES</string><key>HEADER_SEARCH_PATHS</key><array><string>../../..</string><string>../usb_lib</string><string>../cmsis</string><string>../usb_conf</string><string>../cmsis_boot</string><string>../usb_lib/otg</string><string>../cmsis_lib/include</string><string>../cmsis_lib</string><string>../..</string><string>../STM32F4-Discovery</string><string>../usb_lib/core</string><string>../u8glib_arm_v1.14/src</string><string>../u8glib_arm_v1.14</string><string>..</string><string>../usb_lib/cdc</string><string>${inherited)</string></array><key>LIBRARY_SEARCH_PATHS</key><array><string>C:/STM32F4-Discovery</string><string>C:/</string></array><key>OTHER_LDFLAGS</key><array><string>-lpdmfilter_gcc</string><string>-lm</string><string>-lgcc</string><string>-lsupc++</string><string>-lstdc++</string><string>-lc</string><string>-lnosys</string></array><key>PREBINDING</key><string>NO</string><key>SDKROOT</key><string>/Developer/SDKs/MacOSX10.4u.sdk</string></dict><key>isa</key><string>XCBuildConfiguration</string><key>name</key><string>Release</string></dict><key>000000000000000000000090</key><dict><key>buildConfigurations</key><array><string>00000000000000000000008e</string><string>00000000000000000000008f</string></array><key>defaultConfigurationIsVisible</key><string>0</string><key>defaultConfigurationName</key><string>Debug</string><key>isa</key><string>XCConfigurationList</string></dict><key>000000000000000000000091</key><dict><key>buildConfigurationList</key><string>000000000000000000000090</string><key>hasScannedForEncodings</key><string>0</string><key>isa</key><string>PBXProject</string><key>mainGroup</key><string>00000000000000000000008d</string><key>projectDirPath</key><string/><key>projectRoot</key><string>C:/CooCox/CoIDE/configuration/ProgramData/shovel_model_control</string><key>targets</key><array><string>000000000000000000000121</string></array></dict><key>000000000000000000000092</key><dict><key>buildSettings</key><dict><key>COPY_PHASE_STRIP</key><string>NO</string><key>GCC_DYNAMIC_NO_PIC</key><string>NO</string><key>GCC_ENABLE_FIX_AND_CONTINUE</key><string>YES</string><key>GCC_MODEL_TUNING</key><string>G5</string><key>GCC_OPTIMIZATION_LEVEL</key><string>0</string><key>INSTALL_PATH</key><string>$(HOME)/bin</string><key>PRODUCT_NAME</key><string>build.elf</string><key>ZERO_LINK</key><string>YES</string></dict><key>isa</key><string>XCBuildConfiguration</string><key>name</key><string>Debug</string></dict><key>000000000000000000000093</key><dict><key>buildSettings</key><dict><key>ARCHS</key><array><string>ppc</string><string>i386</string></array><key>GCC_GENERATE_DEBUGGING_SYMBOLS</key><string>NO</string><key>GCC_MODEL_TUNING</key><string>G5</string><key>INSTALL_PATH</key><string>$(HOME)/bin</string><key>PRODUCT_NAME</key><string>build.elf</string></dict><key>isa</key><string>XCBuildConfiguration</string><key>name</key><string>Release</string></dict><key>000000000000000000000094</key><dict><key>buildConfigurations</key><array><string>000000000000000000000092</string><string>000000000000000000000093</string></array><key>isa</key><string>XCConfigurationList</string></dict><key>000000000000000000000095</key><dict><key>fileRef</key><string>000000000000000000000000</string><key>isa</key><string>PBXBuildFile</string><key>settings</key><dict><key>ATTRIBUTES</key><array/></dict></dict><key>000000000000000000000096</key><dict><key>fileRef</key><string>000000000000000000000001</string><key>isa</key><string>PBXBuildFile</string><key>settings</key><dict><key>ATTRIBUTES</key><array/></dict></dict><key>000000000000000000000097</key><dict><key>fileRef</key><string>000000000000000000000002</string><key>isa</key><string>PBXBuildFile</string><key>settings</key><dict><key>ATTRIBUTES</key><array/></dict></dict><key>000000000000000000000098</key><dict><key>fileRef</key><string>000000000000000000000003</string><key>isa</key><string>PBXBuildFile</string><key>settings</key><dict><key>ATTRIBUTES</key><array/></dict></dict><key>000000000000000000000099</key><dict><key>fileRef</key><string>000000000000000000000004</string><key>isa</key><string>PBXBuildFile</string><key>settings</key><dict><key>ATTRIBUTES</key><array/></dict></dict><key>00000000000000000000009a</key><dict><key>fileRef</key><string>000000000000000000000005</string><key>isa</key><string>PBXBuildFile</string><key>settings</key><dict><key>ATTRIBUTES</key><array/></dict></dict><key>00000000000000000000009b</key><dict><key>fileRef</key><string>000000000000000000000006</string><key>isa</key><string>PBXBuildFile</string><key>settings</key><dict><key>ATTRIBUTES</key><array/></dict></dict><key>00000000000000000000009c</key><dict><key>fileRef</key><string>000000000000000000000007</string><key>isa</key><string>PBXBuildFile</string><key>settings</key><dict><key>ATTRIBUTES</key><array/></dict></dict><key>00000000000000000000009d</key><dict><key>fileRef</key><string>000000000000000000000008</string><key>isa</key><string>PBXBuildFile</string><key>settings</key><dict><key>ATTRIBUTES</key><array/></dict></dict><key>00000000000000000000009e</key><dict><key>fileRef</key><string>000000000000000000000009</string><key>isa</key><string>PBXBuildFile</string><key>settings</key><dict><key>ATTRIBUTES</key><array/></dict></dict><key>00000000000000000000009f</key><dict><key>fileRef</key><string>00000000000000000000000a</string><key>isa</key><string>PBXBuildFile</string><key>settings</key><dict><key>ATTRIBUTES</key><array/></dict></dict><key>0000000000000000000000a0</key><dict><key>fileRef</key><string>00000000000000000000000b</string><key>isa</key><string>PBXBuildFile</string><key>settings</key><dict><key>ATTRIBUTES</key><array/></dict></dict><key>0000000000000000000000a1</key><dict><key>fileRef</key><string>00000000000000000000000c</string><key>isa</key><string>PBXBuildFile</string><key>settings</key><dict><key>ATTRIBUTES</key><array/></dict></dict><key>0000000000000000000000a2</key><dict><key>fileRef</key><string>00000000000000000000000d</string><key>isa</key><string>PBXBuildFile</string><key>settings</key><dict><key>ATTRIBUTES</key><array/></dict></dict><key>0000000000000000000000a3</key><dict><key>fileRef</key><string>00000000000000000000000e</string><key>isa</key><string>PBXBuildFile</string><key>settings</key><dict><key>ATTRIBUTES</key><array/></dict></dict><key>0000000000000000000000a4</key><dict><key>fileRef</key><string>00000000000000000000000f</string><key>isa</key><string>PBXBuildFile</string><key>settings</key><dict><key>ATTRIBUTES</key><array/></dict></dict><key>0000000000000000000000a5</key><dict><key>fileRef</key><string>000000000000000000000010</string><key>isa</key><string>PBXBuildFile</string><key>settings</key><dict><key>ATTRIBUTES</key><array/></dict></dict><key>0000000000000000000000a6</key><dict><key>fileRef</key><string>000000000000000000000011</string><key>isa</key><string>PBXBuildFile</string><key>settings</key><dict><key>ATTRIBUTES</key><array/></dict></dict><key>0000000000000000000000a7</key><dict><key>fileRef</key><string>000000000000000000000012</string><key>isa</key><string>PBXBuildFile</string><key>settings</key><dict><key>ATTRIBUTES</key><array/></dict></dict><key>0000000000000000000000a8</key><dict><key>fileRef</key><string>000000000000000000000013</string><key>isa</key><string>PBXBuildFile</string><key>settings</key><dict><key>ATTRIBUTES</key><array/></dict></dict><key>0000000000000000000000a9</key><dict><key>fileRef</key><string>000000000000000000000014</string><key>isa</key><string>PBXBuildFile</string><key>settings</key><dict><key>ATTRIBUTES</key><array/></dict></dict><key>0000000000000000000000aa</key><dict><key>fileRef</key><string>000000000000000000000015</string><key>isa</key><string>PBXBuildFile</string><key>settings</key><dict><key>ATTRIBUTES</key><array/></dict></dict><key>0000000000000000000000ab</key><dict><key>fileRef</key><string>000000000000000000000016</string><key>isa</key><string>PBXBuildFile</string><key>settings</key><dict><key>ATTRIBUTES</key><array/></dict></dict><key>0000000000000000000000ac</key><dict><key>fileRef</key><string>000000000000000000000017</string><key>isa</key><string>PBXBuildFile</string><key>settings</key><dict><key>ATTRIBUTES</key><array/></dict></dict><key>0000000000000000000000ad</key><dict><key>fileRef</key><string>000000000000000000000018</string><key>isa</key><string>PBXBuildFile</string><key>settings</key><dict><key>ATTRIBUTES</key><array/></dict></dict><key>0000000000000000000000ae</key><dict><key>fileRef</key><string>000000000000000000000019</string><key>isa</key><string>PBXBuildFile</string><key>settings</key><dict><key>ATTRIBUTES</key><array/></dict></dict><key>0000000000000000000000af</key><dict><key>fileRef</key><string>00000000000000000000001a</string><key>isa</key><string>PBXBuildFile</string><key>settings</key><dict><key>ATTRIBUTES</key><array/></dict></dict><key>0000000000000000000000b0</key><dict><key>fileRef</key><string>00000000000000000000001b</string><key>isa</key><string>PBXBuildFile</string><key>settings</key><dict><key>ATTRIBUTES</key><array/></dict></dict><key>0000000000000000000000b1</key><dict><key>fileRef</key><string>00000000000000000000001c</string><key>isa</key><string>PBXBuildFile</string><key>settings</key><dict><key>ATTRIBUTES</key><array/></dict></dict><key>0000000000000000000000b2</key><dict><key>fileRef</key><string>00000000000000000000001d</string><key>isa</key><string>PBXBuildFile</string><key>settings</key><dict><key>ATTRIBUTES</key><array/></dict></dict><key>0000000000000000000000b3</key><dict><key>fileRef</key><string>00000000000000000000001e</string><key>isa</key><string>PBXBuildFile</string><key>settings</key><dict><key>ATTRIBUTES</key><array/></dict></dict><key>0000000000000000000000b4</key><dict><key>fileRef</key><string>00000000000000000000001f</string><key>isa</key><string>PBXBuildFile</string><key>settings</key><dict><key>ATTRIBUTES</key><array/></dict></dict><key>0000000000000000000000b5</key><dict><key>fileRef</key><string>000000000000000000000020</string><key>isa</key><string>PBXBuildFile</string><key>settings</key><dict><key>ATTRIBUTES</key><array/></dict></dict><key>0000000000000000000000b6</key><dict><key>fileRef</key><string>000000000000000000000021</string><key>isa</key><string>PBXBuildFile</string><key>settings</key><dict><key>ATTRIBUTES</key><array/></dict></dict><key>0000000000000000000000b7</key><dict><key>fileRef</key><string>000000000000000000000022</string><key>isa</key><string>PBXBuildFile</string><key>settings</key><dict><key>ATTRIBUTES</key><array/></dict></dict><key>0000000000000000000000b8</key><dict><key>fileRef</key><string>000000000000000000000023</string><key>isa</key><string>PBXBuildFile</string><key>settings</key><dict><key>ATTRIBUTES</key><array/></dict></dict><key>0000000000000000000000b9</key><dict><key>fileRef</key><string>000000000000000000000024</string><key>isa</key><string>PBXBuildFile</string><key>settings</key><dict><key>ATTRIBUTES</key><array/></dict></dict><key>0000000000000000000000ba</key><dict><key>fileRef</key><string>000000000000000000000025</string><key>isa</key><string>PBXBuildFile</string><key>settings</key><dict><key>ATTRIBUTES</key><array/></dict></dict><key>0000000000000000000000bb</key><dict><key>fileRef</key><string>000000000000000000000026</string><key>isa</key><string>PBXBuildFile</string><key>settings</key><dict><key>ATTRIBUTES</key><array/></dict></dict><key>0000000000000000000000bc</key><dict><key>fileRef</key><string>000000000000000000000027</string><key>isa</key><string>PBXBuildFile</string><key>settings</key><dict><key>ATTRIBUTES</key><array/></dict></dict><key>0000000000000000000000bd</key><dict><key>fileRef</key><string>000000000000000000000028</string><key>isa</key><string>PBXBuildFile</string><key>settings</key><dict><key>ATTRIBUTES</key><array/></dict></dict><key>0000000000000000000000be</key><dict><key>fileRef</key><string>000000000000000000000029</string><key>isa</key><string>PBXBuildFile</string><key>settings</key><dict><key>ATTRIBUTES</key><array/></dict></dict><key>0000000000000000000000bf</key><dict><key>fileRef</key><string>00000000000000000000002a</string><key>isa</key><string>PBXBuildFile</string><key>settings</key><dict><key>ATTRIBUTES</key><array/></dict></dict><key>0000000000000000000000c0</key><dict><key>fileRef</key><string>00000000000000000000002b</string><key>isa</key><string>PBXBuildFile</string><key>settings</key><dict><key>ATTRIBUTES</key><array/></dict></dict><key>0000000000000000000000c1</key><dict><key>fileRef</key><string>00000000000000000000002c</string><key>isa</key><string>PBXBuildFile</string><key>settings</key><dict><key>ATTRIBUTES</key><array/></dict></dict><key>0000000000000000000000c2</key><dict><key>fileRef</key><string>00000000000000000000002d</string><key>isa</key><string>PBXBuildFile</string><key>settings</key><dict><key>ATTRIBUTES</key><array/></dict></dict><key>0000000000000000000000c3</key><dict><key>fileRef</key><string>00000000000000000000002e</string><key>isa</key><string>PBXBuildFile</string><key>settings</key><dict><key>ATTRIBUTES</key><array/></dict></dict><key>0000000000000000000000c4</key><dict><key>fileRef</key><string>00000000000000000000002f</string><key>isa</key><string>PBXBuildFile</string><key>settings</key><dict><key>ATTRIBUTES</key><array/></dict></dict><key>0000000000000000000000c5</key><dict><key>fileRef</key><string>000000000000000000000030</string><key>isa</key><string>PBXBuildFile</string><key>settings</key><dict><key>ATTRIBUTES</key><array/></dict></dict><key>0000000000000000000000c6</key><dict><key>fileRef</key><string>000000000000000000000031</string><key>isa</key><string>PBXBuildFile</string><key>settings</key><dict><key>ATTRIBUTES</key><array/></dict></dict><key>0000000000000000000000c7</key><dict><key>fileRef</key><string>000000000000000000000032</string><key>isa</key><string>PBXBuildFile</string><key>settings</key><dict><key>ATTRIBUTES</key><array/></dict></dict><key>0000000000000000000000c8</key><dict><key>fileRef</key><string>000000000000000000000033</string><key>isa</key><string>PBXBuildFile</string><key>settings</key><dict><key>ATTRIBUTES</key><array/></dict></dict><key>0000000000000000000000c9</key><dict><key>fileRef</key><string>000000000000000000000034</string><key>isa</key><string>PBXBuildFile</string><key>settings</key><dict><key>ATTRIBUTES</key><array/></dict></dict><key>0000000000000000000000ca</key><dict><key>fileRef</key><string>000000000000000000000035</string><key>isa</key><string>PBXBuildFile</string><key>settings</key><dict><key>ATTRIBUTES</key><array/></dict></dict><key>0000000000000000000000cb</key><dict><key>fileRef</key><string>000000000000000000000036</string><key>isa</key><string>PBXBuildFile</string><key>settings</key><dict><key>ATTRIBUTES</key><array/></dict></dict><key>0000000000000000000000cc</key><dict><key>fileRef</key><string>000000000000000000000037</string><key>isa</key><string>PBXBuildFile</string><key>settings</key><dict><key>ATTRIBUTES</key><array/></dict></dict><key>0000000000000000000000cd</key><dict><key>fileRef</key><string>000000000000000000000038</string><key>isa</key><string>PBXBuildFile</string><key>settings</key><dict><key>ATTRIBUTES</key><array/></dict></dict><key>0000000000000000000000ce</key><dict><key>fileRef</key><string>000000000000000000000039</string><key>isa</key><string>PBXBuildFile</string><key>settings</key><dict><key>ATTRIBUTES</key><array/></dict></dict><key>0000000000000000000000cf</key><dict><key>fileRef</key><string>00000000000000000000003a</string><key>isa</key><string>PBXBuildFile</string><key>settings</key><dict><key>ATTRIBUTES</key><array/></dict></dict><key>0000000000000000000000d0</key><dict><key>fileRef</key><string>00000000000000000000003b</string><key>isa</key><string>PBXBuildFile</string><key>settings</key><dict><key>ATTRIBUTES</key><array/></dict></dict><key>0000000000000000000000d1</key><dict><key>fileRef</key><string>00000000000000000000003c</string><key>isa</key><string>PBXBuildFile</string><key>settings</key><dict><key>ATTRIBUTES</key><array/></dict></dict><key>0000000000000000000000d2</key><dict><key>fileRef</key><string>00000000000000000000003d</string><key>isa</key><string>PBXBuildFile</string><key>settings</key><dict><key>ATTRIBUTES</key><array/></dict></dict><key>0000000000000000000000d3</key><dict><key>fileRef</key><string>00000000000000000000003e</string><key>isa</key><string>PBXBuildFile</string><key>settings</key><dict><key>ATTRIBUTES</key><array/></dict></dict><key>0000000000000000000000d4</key><dict><key>fileRef</key><string>00000000000000000000003f</string><key>isa</key><string>PBXBuildFile</string><key>settings</key><dict><key>ATTRIBUTES</key><array/></dict></dict><key>0000000000000000000000d5</key><dict><key>fileRef</key><string>000000000000000000000040</string><key>isa</key><string>PBXBuildFile</string><key>settings</key><dict><key>ATTRIBUTES</key><array/></dict></dict><key>0000000000000000000000d6</key><dict><key>fileRef</key><string>000000000000000000000041</string><key>isa</key><string>PBXBuildFile</string><key>settings</key><dict><key>ATTRIBUTES</key><array/></dict></dict><key>0000000000000000000000d7</key><dict><key>fileRef</key><string>000000000000000000000042</string><key>isa</key><string>PBXBuildFile</string><key>settings</key><dict><key>ATTRIBUTES</key><array/></dict></dict><key>0000000000000000000000d8</key><dict><key>fileRef</key><string>000000000000000000000043</string><key>isa</key><string>PBXBuildFile</string><key>settings</key><dict><key>ATTRIBUTES</key><array/></dict></dict><key>0000000000000000000000d9</key><dict><key>fileRef</key><string>000000000000000000000044</string><key>isa</key><string>PBXBuildFile</string><key>settings</key><dict><key>ATTRIBUTES</key><array/></dict></dict><key>0000000000000000000000da</key><dict><key>fileRef</key><string>000000000000000000000045</string><key>isa</key><string>PBXBuildFile</string><key>settings</key><dict><key>ATTRIBUTES</key><array/></dict></dict><key>0000000000000000000000db</key><dict><key>fileRef</key><string>000000000000000000000046</string><key>isa</key><string>PBXBuildFile</string><key>settings</key><dict><key>ATTRIBUTES</key><array/></dict></dict><key>0000000000000000000000dc</key><dict><key>fileRef</key><string>000000000000000000000047</string><key>isa</key><string>PBXBuildFile</string><key>settings</key><dict><key>ATTRIBUTES</key><array/></dict></dict><key>0000000000000000000000dd</key><dict><key>fileRef</key><string>000000000000000000000048</string><key>isa</key><string>PBXBuildFile</string><key>settings</key><dict><key>ATTRIBUTES</key><array/></dict></dict><key>0000000000000000000000de</key><dict><key>fileRef</key><string>000000000000000000000049</string><key>isa</key><string>PBXBuildFile</string><key>settings</key><dict><key>ATTRIBUTES</key><array/></dict></dict><key>0000000000000000000000df</key><dict><key>fileRef</key><string>00000000000000000000004a</string><key>isa</key><string>PBXBuildFile</string><key>settings</key><dict><key>ATTRIBUTES</key><array/></dict></dict><key>0000000000000000000000e0</key><dict><key>fileRef</key><string>00000000000000000000004b</string><key>isa</key><string>PBXBuildFile</string><key>settings</key><dict><key>ATTRIBUTES</key><array/></dict></dict><key>0000000000000000000000e1</key><dict><key>fileRef</key><string>00000000000000000000004c</string><key>isa</key><string>PBXBuildFile</string><key>settings</key><dict><key>ATTRIBUTES</key><array/></dict></dict><key>0000000000000000000000e2</key><dict><key>fileRef</key><string>00000000000000000000004d</string><key>isa</key><string>PBXBuildFile</string><key>settings</key><dict><key>ATTRIBUTES</key><array/></dict></dict><key>0000000000000000000000e3</key><dict><key>fileRef</key><string>00000000000000000000004e</string><key>isa</key><string>PBXBuildFile</string><key>settings</key><dict><key>ATTRIBUTES</key><array/></dict></dict><key>0000000000000000000000e4</key><dict><key>fileRef</key><string>00000000000000000000004f</string><key>isa</key><string>PBXBuildFile</string><key>settings</key><dict><key>ATTRIBUTES</key><array/></dict></dict><key>0000000000000000000000e5</key><dict><key>fileRef</key><string>000000000000000000000050</string><key>isa</key><string>PBXBuildFile</string><key>settings</key><dict><key>ATTRIBUTES</key><array/></dict></dict><key>0000000000000000000000e6</key><dict><key>fileRef</key><string>000000000000000000000051</string><key>isa</key><string>PBXBuildFile</string><key>settings</key><dict><key>ATTRIBUTES</key><array/></dict></dict><key>0000000000000000000000e7</key><dict><key>fileRef</key><string>000000000000000000000052</string><key>isa</key><string>PBXBuildFile</string><key>settings</key><dict><key>ATTRIBUTES</key><array/></dict></dict><key>0000000000000000000000e8</key><dict><key>fileRef</key><string>000000000000000000000053</string><key>isa</key><string>PBXBuildFile</string><key>settings</key><dict><key>ATTRIBUTES</key><array/></dict></dict><key>0000000000000000000000e9</key><dict><key>fileRef</key><string>000000000000000000000054</string><key>isa</key><string>PBXBuildFile</string><key>settings</key><dict><key>ATTRIBUTES</key><array/></dict></dict><key>0000000000000000000000ea</key><dict><key>fileRef</key><string>000000000000000000000055</string><key>isa</key><string>PBXBuildFile</string><key>settings</key><dict><key>ATTRIBUTES</key><array/></dict></dict><key>0000000000000000000000eb</key><dict><key>fileRef</key><string>000000000000000000000056</string><key>isa</key><string>PBXBuildFile</string><key>settings</key><dict><key>ATTRIBUTES</key><array/></dict></dict><key>0000000000000000000000ec</key><dict><key>fileRef</key><string>000000000000000000000057</string><key>isa</key><string>PBXBuildFile</string><key>settings</key><dict><key>ATTRIBUTES</key><array/></dict></dict><key>0000000000000000000000ed</key><dict><key>fileRef</key><string>000000000000000000000058</string><key>isa</key><string>PBXBuildFile</string><key>settings</key><dict><key>ATTRIBUTES</key><array/></dict></dict><key>0000000000000000000000ee</key><dict><key>fileRef</key><string>000000000000000000000059</string><key>isa</key><string>PBXBuildFile</string><key>settings</key><dict><key>ATTRIBUTES</key><array/></dict></dict><key>0000000000000000000000ef</key><dict><key>fileRef</key><string>00000000000000000000005a</string><key>isa</key><string>PBXBuildFile</string><key>settings</key><dict><key>ATTRIBUTES</key><array/></dict></dict><key>0000000000000000000000f0</key><dict><key>fileRef</key><string>00000000000000000000005b</string><key>isa</key><string>PBXBuildFile</string><key>settings</key><dict><key>ATTRIBUTES</key><array/></dict></dict><key>0000000000000000000000f1</key><dict><key>fileRef</key><string>00000000000000000000005c</string><key>isa</key><string>PBXBuildFile</string><key>settings</key><dict><key>ATTRIBUTES</key><array/></dict></dict><key>0000000000000000000000f2</key><dict><key>fileRef</key><string>00000000000000000000005d</string><key>isa</key><string>PBXBuildFile</string><key>settings</key><dict><key>ATTRIBUTES</key><array/></dict></dict><key>0000000000000000000000f3</key><dict><key>fileRef</key><string>00000000000000000000005e</string><key>isa</key><string>PBXBuildFile</string><key>settings</key><dict><key>ATTRIBUTES</key><array/></dict></dict><key>0000000000000000000000f4</key><dict><key>fileRef</key><string>00000000000000000000005f</string><key>isa</key><string>PBXBuildFile</string><key>settings</key><dict><key>ATTRIBUTES</key><array/></dict></dict><key>0000000000000000000000f5</key><dict><key>fileRef</key><string>000000000000000000000060</string><key>isa</key><string>PBXBuildFile</string><key>settings</key><dict><key>ATTRIBUTES</key><array/></dict></dict><key>0000000000000000000000f6</key><dict><key>fileRef</key><string>000000000000000000000061</string><key>isa</key><string>PBXBuildFile</string><key>settings</key><dict><key>ATTRIBUTES</key><array/></dict></dict><key>0000000000000000000000f7</key><dict><key>fileRef</key><string>000000000000000000000062</string><key>isa</key><string>PBXBuildFile</string><key>settings</key><dict><key>ATTRIBUTES</key><array/></dict></dict><key>0000000000000000000000f8</key><dict><key>fileRef</key><string>000000000000000000000063</string><key>isa</key><string>PBXBuildFile</string><key>settings</key><dict><key>ATTRIBUTES</key><array/></dict></dict><key>0000000000000000000000f9</key><dict><key>fileRef</key><string>000000000000000000000064</string><key>isa</key><string>PBXBuildFile</string><key>settings</key><dict><key>ATTRIBUTES</key><array/></dict></dict><key>0000000000000000000000fa</key><dict><key>fileRef</key><string>000000000000000000000065</string><key>isa</key><string>PBXBuildFile</string><key>settings</key><dict><key>ATTRIBUTES</key><array/></dict></dict><key>0000000000000000000000fb</key><dict><key>fileRef</key><string>000000000000000000000066</string><key>isa</key><string>PBXBuildFile</string><key>settings</key><dict><key>ATTRIBUTES</key><array/></dict></dict><key>0000000000000000000000fc</key><dict><key>fileRef</key><string>000000000000000000000067</string><key>isa</key><string>PBXBuildFile</string><key>settings</key><dict><key>ATTRIBUTES</key><array/></dict></dict><key>0000000000000000000000fd</key><dict><key>fileRef</key><string>000000000000000000000068</string><key>isa</key><string>PBXBuildFile</string><key>settings</key><dict><key>ATTRIBUTES</key><array/></dict></dict><key>0000000000000000000000fe</key><dict><key>fileRef</key><string>000000000000000000000069</string><key>isa</key><string>PBXBuildFile</string><key>settings</key><dict><key>ATTRIBUTES</key><array/></dict></dict><key>0000000000000000000000ff</key><dict><key>fileRef</key><string>00000000000000000000006a</string><key>isa</key><string>PBXBuildFile</string><key>settings</key><dict><key>ATTRIBUTES</key><array/></dict></dict><key>000000000000000000000100</key><dict><key>fileRef</key><string>00000000000000000000006b</string><key>isa</key><string>PBXBuildFile</string><key>settings</key><dict><key>ATTRIBUTES</key><array/></dict></dict><key>000000000000000000000101</key><dict><key>fileRef</key><string>00000000000000000000006c</string><key>isa</key><string>PBXBuildFile</string><key>settings</key><dict><key>ATTRIBUTES</key><array/></dict></dict><key>000000000000000000000102</key><dict><key>fileRef</key><string>00000000000000000000006d</string><key>isa</key><string>PBXBuildFile</string><key>settings</key><dict><key>ATTRIBUTES</key><array/></dict></dict><key>000000000000000000000103</key><dict><key>fileRef</key><string>00000000000000000000006e</string><key>isa</key><string>PBXBuildFile</string><key>settings</key><dict><key>ATTRIBUTES</key><array/></dict></dict><key>000000000000000000000104</key><dict><key>fileRef</key><string>00000000000000000000006f</string><key>isa</key><string>PBXBuildFile</string><key>settings</key><dict><key>ATTRIBUTES</key><array/></dict></dict><key>000000000000000000000105</key><dict><key>fileRef</key><string>000000000000000000000070</string><key>isa</key><string>PBXBuildFile</string><key>settings</key><dict><key>ATTRIBUTES</key><array/></dict></dict><key>000000000000000000000106</key><dict><key>fileRef</key><string>000000000000000000000071</string><key>isa</key><string>PBXBuildFile</string><key>settings</key><dict><key>ATTRIBUTES</key><array/></dict></dict><key>000000000000000000000107</key><dict><key>fileRef</key><string>000000000000000000000072</string><key>isa</key><string>PBXBuildFile</string><key>settings</key><dict><key>ATTRIBUTES</key><array/></dict></dict><key>000000000000000000000108</key><dict><key>fileRef</key><string>000000000000000000000073</string><key>isa</key><string>PBXBuildFile</string><key>settings</key><dict><key>ATTRIBUTES</key><array/></dict></dict><key>000000000000000000000109</key><dict><key>fileRef</key><string>000000000000000000000074</string><key>isa</key><string>PBXBuildFile</string><key>settings</key><dict><key>ATTRIBUTES</key><array/></dict></dict><key>00000000000000000000010a</key><dict><key>fileRef</key><string>000000000000000000000075</string><key>isa</key><string>PBXBuildFile</string><key>settings</key><dict><key>ATTRIBUTES</key><array/></dict></dict><key>00000000000000000000010b</key><dict><key>fileRef</key><string>000000000000000000000076</string><key>isa</key><string>PBXBuildFile</string><key>settings</key><dict><key>ATTRIBUTES</key><array/></dict></dict><key>00000000000000000000010c</key><dict><key>fileRef</key><string>000000000000000000000077</string><key>isa</key><string>PBXBuildFile</string><key>settings</key><dict><key>ATTRIBUTES</key><array/></dict></dict><key>00000000000000000000010d</key><dict><key>fileRef</key><string>000000000000000000000078</string><key>isa</key><string>PBXBuildFile</string><key>settings</key><dict><key>ATTRIBUTES</key><array/></dict></dict><key>00000000000000000000010e</key><dict><key>fileRef</key><string>000000000000000000000079</string><key>isa</key><string>PBXBuildFile</string><key>settings</key><dict><key>ATTRIBUTES</key><array/></dict></dict><key>00000000000000000000010f</key><dict><key>fileRef</key><string>00000000000000000000007a</string><key>isa</key><string>PBXBuildFile</string><key>settings</key><dict><key>ATTRIBUTES</key><array/></dict></dict><key>000000000000000000000110</key><dict><key>fileRef</key><string>00000000000000000000007b</string><key>isa</key><string>PBXBuildFile</string><key>settings</key><dict><key>ATTRIBUTES</key><array/></dict></dict><key>000000000000000000000111</key><dict><key>fileRef</key><string>00000000000000000000007c</string><key>isa</key><string>PBXBuildFile</string><key>settings</key><dict><key>ATTRIBUTES</key><array/></dict></dict><key>000000000000000000000112</key><dict><key>fileRef</key><string>00000000000000000000007d</string><key>isa</key><string>PBXBuildFile</string><key>settings</key><dict><key>ATTRIBUTES</key><array/></dict></dict><key>000000000000000000000113</key><dict><key>fileRef</key><string>00000000000000000000007e</string><key>isa</key><string>PBXBuildFile</string><key>settings</key><dict><key>ATTRIBUTES</key><array/></dict></dict><key>000000000000000000000114</key><dict><key>fileRef</key><string>00000000000000000000007f</string><key>isa</key><string>PBXBuildFile</string><key>settings</key><dict><key>ATTRIBUTES</key><array/></dict></dict><key>000000000000000000000115</key><dict><key>fileRef</key><string>000000000000000000000080</string><key>isa</key><string>PBXBuildFile</string><key>settings</key><dict><key>ATTRIBUTES</key><array/></dict></dict><key>000000000000000000000116</key><dict><key>fileRef</key><string>000000000000000000000081</string><key>isa</key><string>PBXBuildFile</string><key>settings</key><dict><key>ATTRIBUTES</key><array/></dict></dict><key>000000000000000000000117</key><dict><key>fileRef</key><string>000000000000000000000082</string><key>isa</key><string>PBXBuildFile</string><key>settings</key><dict><key>ATTRIBUTES</key><array/></dict></dict><key>000000000000000000000118</key><dict><key>fileRef</key><string>000000000000000000000083</string><key>isa</key><string>PBXBuildFile</string><key>settings</key><dict><key>ATTRIBUTES</key><array/></dict></dict><key>000000000000000000000119</key><dict><key>fileRef</key><string>000000000000000000000084</string><key>isa</key><string>PBXBuildFile</string><key>settings</key><dict><key>ATTRIBUTES</key><array/></dict></dict><key>00000000000000000000011a</key><dict><key>fileRef</key><string>000000000000000000000085</string><key>isa</key><string>PBXBuildFile</string><key>settings</key><dict><key>ATTRIBUTES</key><array/></dict></dict><key>00000000000000000000011b</key><dict><key>fileRef</key><string>000000000000000000000086</string><key>isa</key><string>PBXBuildFile</string><key>settings</key><dict><key>ATTRIBUTES</key><array/></dict></dict><key>00000000000000000000011c</key><dict><key>fileRef</key><string>000000000000000000000087</string><key>isa</key><string>PBXBuildFile</string><key>settings</key><dict><key>ATTRIBUTES</key><array/></dict></dict><key>00000000000000000000011d</key><dict><key>fileRef</key><string>000000000000000000000088</string><key>isa</key><string>PBXBuildFile</string><key>settings</key><dict><key>ATTRIBUTES</key><array/></dict></dict><key>00000000000000000000011e</key><dict><key>buildActionMask</key><string>2147483647</string><key>files</key><array><string>000000000000000000000095</string><string>000000000000000000000096</string><string>000000000000000000000097</string><string>000000000000000000000098</string><string>000000000000000000000099</string><string>00000000000000000000009a</string><string>00000000000000000000009b</string><string>00000000000000000000009c</string><string>00000000000000000000009d</string><string>00000000000000000000009e</string><string>00000000000000000000009f</string><string>0000000000000000000000a0</string><string>0000000000000000000000a1</string><string>0000000000000000000000a2</string><string>0000000000000000000000a3</string><string>0000000000000000000000a4</string><string>0000000000000000000000a5</string><string>0000000000000000000000a6</string><string>0000000000000000000000a7</string><string>0000000000000000000000a8</string><string>0000000000000000000000a9</string><string>0000000000000000000000aa</string><string>0000000000000000000000ab</string><string>0000000000000000000000ac</string><string>0000000000000000000000ad</string><string>0000000000000000000000ae</string><string>0000000000000000000000af</string><string>0000000000000000000000b0</string><string>0000000000000000000000b1</string><string>0000000000000000000000b2</string><string>0000000000000000000000b3</string><string>0000000000000000000000b4</string><string>0000000000000000000000b5</string><string>0000000000000000000000b6</string><string>0000000000000000000000b7</string><string>0000000000000000000000b8</string><string>0000000000000000000000b9</string><string>0000000000000000000000ba</string><string>0000000000000000000000bb</string><string>0000000000000000000000bc</string><string>0000000000000000000000bd</string><string>0000000000000000000000be</string><string>0000000000000000000000bf</string><string>0000000000000000000000c0</string><string>0000000000000000000000c1</string><string>0000000000000000000000c2</string><string>0000000000000000000000c3</string><string>0000000000000000000000c4</string><string>0000000000000000000000c5</string><string>0000000000000000000000c6</string><string>0000000000000000000000c7</string><string>0000000000000000000000c8</string><string>0000000000000000000000c9</string><string>0000000000000000000000ca</string><string>0000000000000000000000cb</string><string>0000000000000000000000cc</string><string>0000000000000000000000cd</string><string>0000000000000000000000ce</string><string>0000000000000000000000cf</string><string>0000000000000000000000d0</string><string>0000000000000000000000d1</string><string>0000000000000000000000d2</string><string>0000000000000000000000d3</string><string>0000000000000000000000d4</string><string>0000000000000000000000d5</string><string>0000000000000000000000d6</string><string>0000000000000000000000d7</string><string>0000000000000000000000d8</string><string>0000000000000000000000d9</string><string>0000000000000000000000da</string><string>0000000000000000000000db</string><string>0000000000000000000000dc</string><string>0000000000000000000000dd</string><string>0000000000000000000000de</string><string>0000000000000000000000df</string><string>0000000000000000000000e0</string><string>0000000000000000000000e1</string><string>0000000000000000000000e2</string><string>0000000000000000000000e3</string><string>0000000000000000000000e4</string><string>0000000000000000000000e5</string><string>0000000000000000000000e6</string><string>0000000000000000000000e7</string><string>0000000000000000000000e8</string><string>0000000000000000000000e9</string><string>0000000000000000000000ea</string><string>0000000000000000000000eb</string><string>0000000000000000000000ec</string><string>0000000000000000000000ed</string><string>0000000000000000000000ee</string><string>0000000000000000000000ef</string><string>0000000000000000000000f0</string><string>0000000000000000000000f1</string><string>0000000000000000000000f2</string><string>0000000000000000000000f3</string><string>0000000000000000000000f4</string><string>0000000000000000000000f5</string><string>0000000000000000000000f6</string><string>0000000000000000000000f7</string><string>0000000000000000000000f8</string><string>0000000000000000000000f9</string><string>0000000000000000000000fa</string><string>0000000000000000000000fb</string><string>0000000000000000000000fc</string><string>0000000000000000000000fd</string><string>0000000000000000000000fe</string><string>0000000000000000000000ff</string><string>000000000000000000000100</string><string>000000000000000000000101</string><string>000000000000000000000102</string><string>000000000000000000000103</string><string>000000000000000000000104</string><string>000000000000000000000105</string><string>000000000000000000000106</string><string>000000000000000000000107</string><string>000000000000000000000108</string><string>000000000000000000000109</string><string>00000000000000000000010a</string><string>00000000000000000000010b</string><string>00000000000000000000010c</string><string>00000000000000000000010d</string><string>00000000000000000000010e</string><string>00000000000000000000010f</string><string>000000000000000000000110</string><string>000000000000000000000111</string><string>000000000000000000000112</string><string>000000000000000000000113</string><string>000000000000000000000114</string><string>000000000000000000000115</string><string>000000000000000000000116</string><string>000000000000000000000117</string><string>000000000000000000000118</string><string>000000000000000000000119</string><string>00000000000000000000011a</string><string>00000000000000000000011b</string><string>00000000000000000000011c</string><string>00000000000000000000011d</string></array><key>isa</key><string>PBXSourcesBuildPhase</string><key>runOnlyForDeploymentPostprocessing</key><string>0</string></dict><key>00000000000000000000011f</key><dict><key>buildActionMask</key><string>8</string><key>files</key><array/><key>isa</key><string>PBXFrameworksBuildPhase</string><key>runOnlyForDeploymentPostprocessing</key><string>0</string></dict><key>000000000000000000000120</key><dict><key>buildActionMask</key><string>8</string><key>dstPath</key><string>/usr/share/man/man1</string><key>dstSubfolderSpec</key><string>0</string><key>files</key><array/><key>isa</key><string>PBXCopyFilesBuildPhase</string><key>runOnlyForDeploymentPostprocessing</key><string>1</string></dict><key>000000000000000000000121</key><dict><key>buildConfigurationList</key><string>000000000000000000000094</string><key>buildPhases</key><array><string>00000000000000000000011e</string><string>00000000000000000000011f</string><string>000000000000000000000120</string></array><key>buildRules</key><array/><key>dependencies</key><array/><key>isa</key><string>PBXNativeTarget</string><key>name</key><string>build.elf</string><key>productInstallPath</key><string>$(HOME)/bin</string><key>productName</key><string>build.elf</string><key>productReference</key><string>00000000000000000000008a</string><key>productType</key><string>com.apple.product-type.tool</string></dict></dict><key>rootObject</key><string>000000000000000000000091</string></dict></plist>